// !$*UTF8*$!
{
	archiveVersion = 1;
	classes = {
	};
	objectVersion = 48;
	objects = {

/* Begin PBXBuildFile section */
		881F232E2337808A008DA53A /* RoundedTextField.swift in Sources */ = {isa = PBXBuildFile; fileRef = 881F232D2337808A008DA53A /* RoundedTextField.swift */; };
		883D770523376E3E00D66A8D /* BezierView.swift in Sources */ = {isa = PBXBuildFile; fileRef = 883D770423376E3E00D66A8D /* BezierView.swift */; };
		885CCF86227EF43300B27620 /* DisplayLink.swift in Sources */ = {isa = PBXBuildFile; fileRef = 885CCF85227EF43300B27620 /* DisplayLink.swift */; };
		889CDE342365E95D00C259F4 /* CubicBezier.swift in Sources */ = {isa = PBXBuildFile; fileRef = 889CDE332365E95D00C259F4 /* CubicBezier.swift */; };
		88D361A22251408700426432 /* AppDelegate.swift in Sources */ = {isa = PBXBuildFile; fileRef = 88D361A12251408700426432 /* AppDelegate.swift */; };
		88D361A42251408700426432 /* MagicScrollController.swift in Sources */ = {isa = PBXBuildFile; fileRef = 88D361A32251408700426432 /* MagicScrollController.swift */; };
		88D361A62251408700426432 /* Assets.xcassets in Resources */ = {isa = PBXBuildFile; fileRef = 88D361A52251408700426432 /* Assets.xcassets */; };
		88D361A92251408700426432 /* Main.storyboard in Resources */ = {isa = PBXBuildFile; fileRef = 88D361A72251408700426432 /* Main.storyboard */; };
		88D361B2225140C200426432 /* EventMonitor.swift in Sources */ = {isa = PBXBuildFile; fileRef = 88D361B1225140C200426432 /* EventMonitor.swift */; };
		88E5407D234A11170028C651 /* PopoverViewController.swift in Sources */ = {isa = PBXBuildFile; fileRef = 88E5407B234A11170028C651 /* PopoverViewController.swift */; };
		88E54080234A15400028C651 /* CustomView.swift in Sources */ = {isa = PBXBuildFile; fileRef = 88E5407F234A15400028C651 /* CustomView.swift */; };
		88E54082234A20590028C651 /* SettingsViewController.swift in Sources */ = {isa = PBXBuildFile; fileRef = 88E54081234A20590028C651 /* SettingsViewController.swift */; };
		88E54088234A252A0028C651 /* Settings.swift in Sources */ = {isa = PBXBuildFile; fileRef = 88E54087234A252A0028C651 /* Settings.swift */; };
		88E7EEA22340EF1100151D57 /* Enums.swift in Sources */ = {isa = PBXBuildFile; fileRef = 88E7EEA12340EF1100151D57 /* Enums.swift */; };
		88E7EEA42341129300151D57 /* Logger.swift in Sources */ = {isa = PBXBuildFile; fileRef = 88E7EEA32341129300151D57 /* Logger.swift */; };
/* End PBXBuildFile section */

/* Begin PBXFileReference section */
		881F232D2337808A008DA53A /* RoundedTextField.swift */ = {isa = PBXFileReference; lastKnownFileType = sourcecode.swift; path = RoundedTextField.swift; sourceTree = "<group>"; };
		883D770423376E3E00D66A8D /* BezierView.swift */ = {isa = PBXFileReference; lastKnownFileType = sourcecode.swift; path = BezierView.swift; sourceTree = "<group>"; };
		885CCF85227EF43300B27620 /* DisplayLink.swift */ = {isa = PBXFileReference; lastKnownFileType = sourcecode.swift; path = DisplayLink.swift; sourceTree = "<group>"; };
		889CDE332365E95D00C259F4 /* CubicBezier.swift */ = {isa = PBXFileReference; lastKnownFileType = sourcecode.swift; path = CubicBezier.swift; sourceTree = "<group>"; };
		88D3619E2251408700426432 /* Magic Scroll Wheel.app */ = {isa = PBXFileReference; explicitFileType = wrapper.application; includeInIndex = 0; path = "Magic Scroll Wheel.app"; sourceTree = BUILT_PRODUCTS_DIR; };
		88D361A12251408700426432 /* AppDelegate.swift */ = {isa = PBXFileReference; lastKnownFileType = sourcecode.swift; path = AppDelegate.swift; sourceTree = "<group>"; };
		88D361A32251408700426432 /* MagicScrollController.swift */ = {isa = PBXFileReference; lastKnownFileType = sourcecode.swift; path = MagicScrollController.swift; sourceTree = "<group>"; };
		88D361A52251408700426432 /* Assets.xcassets */ = {isa = PBXFileReference; lastKnownFileType = folder.assetcatalog; path = Assets.xcassets; sourceTree = "<group>"; };
		88D361A82251408700426432 /* Base */ = {isa = PBXFileReference; lastKnownFileType = file.storyboard; name = Base; path = Base.lproj/Main.storyboard; sourceTree = "<group>"; };
		88D361AA2251408700426432 /* Info.plist */ = {isa = PBXFileReference; lastKnownFileType = text.plist.xml; path = Info.plist; sourceTree = "<group>"; };
		88D361AB2251408700426432 /* magicScrollWheel.entitlements */ = {isa = PBXFileReference; lastKnownFileType = text.plist.entitlements; path = magicScrollWheel.entitlements; sourceTree = "<group>"; };
		88D361B1225140C200426432 /* EventMonitor.swift */ = {isa = PBXFileReference; lastKnownFileType = sourcecode.swift; path = EventMonitor.swift; sourceTree = "<group>"; };
		88E5407B234A11170028C651 /* PopoverViewController.swift */ = {isa = PBXFileReference; lastKnownFileType = sourcecode.swift; path = PopoverViewController.swift; sourceTree = "<group>"; };
		88E5407F234A15400028C651 /* CustomView.swift */ = {isa = PBXFileReference; lastKnownFileType = sourcecode.swift; path = CustomView.swift; sourceTree = "<group>"; };
		88E54081234A20590028C651 /* SettingsViewController.swift */ = {isa = PBXFileReference; lastKnownFileType = sourcecode.swift; path = SettingsViewController.swift; sourceTree = "<group>"; };
		88E54087234A252A0028C651 /* Settings.swift */ = {isa = PBXFileReference; lastKnownFileType = sourcecode.swift; path = Settings.swift; sourceTree = "<group>"; };
		88E7EEA12340EF1100151D57 /* Enums.swift */ = {isa = PBXFileReference; lastKnownFileType = sourcecode.swift; path = Enums.swift; sourceTree = "<group>"; };
		88E7EEA32341129300151D57 /* Logger.swift */ = {isa = PBXFileReference; lastKnownFileType = sourcecode.swift; path = Logger.swift; sourceTree = "<group>"; };
/* End PBXFileReference section */

/* Begin PBXFrameworksBuildPhase section */
		88D3619B2251408700426432 /* Frameworks */ = {
			isa = PBXFrameworksBuildPhase;
			buildActionMask = 2147483647;
			files = (
			);
			runOnlyForDeploymentPostprocessing = 0;
		};
/* End PBXFrameworksBuildPhase section */

/* Begin PBXGroup section */
		883D770323376E0700D66A8D /* Views */ = {
			isa = PBXGroup;
			children = (
				883D770423376E3E00D66A8D /* BezierView.swift */,
				881F232D2337808A008DA53A /* RoundedTextField.swift */,
				88E5407F234A15400028C651 /* CustomView.swift */,
			);
			path = Views;
			sourceTree = "<group>";
		};
		88D361952251408700426432 = {
			isa = PBXGroup;
			children = (
				88D361A02251408700426432 /* magicScrollWheel */,
				88D3619F2251408700426432 /* Products */,
			);
			sourceTree = "<group>";
		};
		88D3619F2251408700426432 /* Products */ = {
			isa = PBXGroup;
			children = (
				88D3619E2251408700426432 /* Magic Scroll Wheel.app */,
			);
			name = Products;
			sourceTree = "<group>";
		};
		88D361A02251408700426432 /* magicScrollWheel */ = {
			isa = PBXGroup;
			children = (
				88E54089234A25D50028C651 /* ViewControllers */,
				88E54086234A25150028C651 /* Models */,
				883D770323376E0700D66A8D /* Views */,
				88D361A12251408700426432 /* AppDelegate.swift */,
				88D361A32251408700426432 /* MagicScrollController.swift */,
				88D361B1225140C200426432 /* EventMonitor.swift */,
				885CCF85227EF43300B27620 /* DisplayLink.swift */,
				88D361A52251408700426432 /* Assets.xcassets */,
				88D361A72251408700426432 /* Main.storyboard */,
				88D361AA2251408700426432 /* Info.plist */,
				88D361AB2251408700426432 /* magicScrollWheel.entitlements */,
				88E7EEA12340EF1100151D57 /* Enums.swift */,
				88E7EEA32341129300151D57 /* Logger.swift */,
				889CDE332365E95D00C259F4 /* CubicBezier.swift */,
			);
			path = magicScrollWheel;
			sourceTree = "<group>";
		};
		88E54086234A25150028C651 /* Models */ = {
			isa = PBXGroup;
			children = (
				88E54087234A252A0028C651 /* Settings.swift */,
			);
			path = Models;
			sourceTree = "<group>";
		};
		88E54089234A25D50028C651 /* ViewControllers */ = {
			isa = PBXGroup;
			children = (
				88E5407B234A11170028C651 /* PopoverViewController.swift */,
				88E54081234A20590028C651 /* SettingsViewController.swift */,
			);
			path = ViewControllers;
			sourceTree = "<group>";
		};
/* End PBXGroup section */

/* Begin PBXNativeTarget section */
		88D3619D2251408700426432 /* magicScrollWheel */ = {
			isa = PBXNativeTarget;
			buildConfigurationList = 88D361AE2251408700426432 /* Build configuration list for PBXNativeTarget "magicScrollWheel" */;
			buildPhases = (
				88D3619A2251408700426432 /* Sources */,
				88D3619B2251408700426432 /* Frameworks */,
				88D3619C2251408700426432 /* Resources */,
			);
			buildRules = (
			);
			dependencies = (
			);
			name = magicScrollWheel;
			productName = magicScrollWheel;
			productReference = 88D3619E2251408700426432 /* Magic Scroll Wheel.app */;
			productType = "com.apple.product-type.application";
		};
/* End PBXNativeTarget section */

/* Begin PBXProject section */
		88D361962251408700426432 /* Project object */ = {
			isa = PBXProject;
			attributes = {
				LastSwiftUpdateCheck = 0920;
				LastUpgradeCheck = 1010;
				ORGANIZATIONNAME = "Aleksandr Kozhevnikov";
				TargetAttributes = {
					88D3619D2251408700426432 = {
						CreatedOnToolsVersion = 9.2;
						LastSwiftMigration = 1010;
						ProvisioningStyle = Automatic;
						SystemCapabilities = {
							com.apple.ApplicationGroups.Mac = {
								enabled = 1;
							};
							com.apple.Sandbox = {
								enabled = 0;
							};
						};
					};
				};
			};
			buildConfigurationList = 88D361992251408700426432 /* Build configuration list for PBXProject "magicScrollWheel" */;
			compatibilityVersion = "Xcode 8.0";
			developmentRegion = en;
			hasScannedForEncodings = 0;
			knownRegions = (
				en,
				Base,
			);
			mainGroup = 88D361952251408700426432;
			productRefGroup = 88D3619F2251408700426432 /* Products */;
			projectDirPath = "";
			projectRoot = "";
			targets = (
				88D3619D2251408700426432 /* magicScrollWheel */,
			);
		};
/* End PBXProject section */

/* Begin PBXResourcesBuildPhase section */
		88D3619C2251408700426432 /* Resources */ = {
			isa = PBXResourcesBuildPhase;
			buildActionMask = 2147483647;
			files = (
				88D361A62251408700426432 /* Assets.xcassets in Resources */,
				88D361A92251408700426432 /* Main.storyboard in Resources */,
			);
			runOnlyForDeploymentPostprocessing = 0;
		};
/* End PBXResourcesBuildPhase section */

/* Begin PBXSourcesBuildPhase section */
		88D3619A2251408700426432 /* Sources */ = {
			isa = PBXSourcesBuildPhase;
			buildActionMask = 2147483647;
			files = (
				885CCF86227EF43300B27620 /* DisplayLink.swift in Sources */,
				88E5407D234A11170028C651 /* PopoverViewController.swift in Sources */,
				88D361B2225140C200426432 /* EventMonitor.swift in Sources */,
				88E54088234A252A0028C651 /* Settings.swift in Sources */,
				881F232E2337808A008DA53A /* RoundedTextField.swift in Sources */,
				88D361A42251408700426432 /* MagicScrollController.swift in Sources */,
				88E54080234A15400028C651 /* CustomView.swift in Sources */,
				88E7EEA42341129300151D57 /* Logger.swift in Sources */,
				883D770523376E3E00D66A8D /* BezierView.swift in Sources */,
				88E7EEA22340EF1100151D57 /* Enums.swift in Sources */,
				88D361A22251408700426432 /* AppDelegate.swift in Sources */,
				88E54082234A20590028C651 /* SettingsViewController.swift in Sources */,
				889CDE342365E95D00C259F4 /* CubicBezier.swift in Sources */,
			);
			runOnlyForDeploymentPostprocessing = 0;
		};
/* End PBXSourcesBuildPhase section */

/* Begin PBXVariantGroup section */
		88D361A72251408700426432 /* Main.storyboard */ = {
			isa = PBXVariantGroup;
			children = (
				88D361A82251408700426432 /* Base */,
			);
			name = Main.storyboard;
			sourceTree = "<group>";
		};
/* End PBXVariantGroup section */

/* Begin XCBuildConfiguration section */
		88D361AC2251408700426432 /* Debug */ = {
			isa = XCBuildConfiguration;
			buildSettings = {
				ALWAYS_SEARCH_USER_PATHS = NO;
				CLANG_ANALYZER_NONNULL = YES;
				CLANG_ANALYZER_NUMBER_OBJECT_CONVERSION = YES_AGGRESSIVE;
				CLANG_CXX_LANGUAGE_STANDARD = "gnu++14";
				CLANG_CXX_LIBRARY = "libc++";
				CLANG_ENABLE_MODULES = YES;
				CLANG_ENABLE_OBJC_ARC = YES;
				CLANG_WARN_BLOCK_CAPTURE_AUTORELEASING = YES;
				CLANG_WARN_BOOL_CONVERSION = YES;
				CLANG_WARN_COMMA = YES;
				CLANG_WARN_CONSTANT_CONVERSION = YES;
				CLANG_WARN_DEPRECATED_OBJC_IMPLEMENTATIONS = YES;
				CLANG_WARN_DIRECT_OBJC_ISA_USAGE = YES_ERROR;
				CLANG_WARN_DOCUMENTATION_COMMENTS = YES;
				CLANG_WARN_EMPTY_BODY = YES;
				CLANG_WARN_ENUM_CONVERSION = YES;
				CLANG_WARN_INFINITE_RECURSION = YES;
				CLANG_WARN_INT_CONVERSION = YES;
				CLANG_WARN_NON_LITERAL_NULL_CONVERSION = YES;
				CLANG_WARN_OBJC_IMPLICIT_RETAIN_SELF = YES;
				CLANG_WARN_OBJC_LITERAL_CONVERSION = YES;
				CLANG_WARN_OBJC_ROOT_CLASS = YES_ERROR;
				CLANG_WARN_RANGE_LOOP_ANALYSIS = YES;
				CLANG_WARN_STRICT_PROTOTYPES = YES;
				CLANG_WARN_SUSPICIOUS_MOVE = YES;
				CLANG_WARN_UNGUARDED_AVAILABILITY = YES_AGGRESSIVE;
				CLANG_WARN_UNREACHABLE_CODE = YES;
				CLANG_WARN__DUPLICATE_METHOD_MATCH = YES;
				CODE_SIGN_IDENTITY = "Mac Developer";
				COPY_PHASE_STRIP = NO;
				DEBUG_INFORMATION_FORMAT = dwarf;
				ENABLE_STRICT_OBJC_MSGSEND = YES;
				ENABLE_TESTABILITY = YES;
				GCC_C_LANGUAGE_STANDARD = gnu11;
				GCC_DYNAMIC_NO_PIC = NO;
				GCC_NO_COMMON_BLOCKS = YES;
				GCC_OPTIMIZATION_LEVEL = 0;
				GCC_PREPROCESSOR_DEFINITIONS = (
					"DEBUG=1",
					"$(inherited)",
				);
				GCC_WARN_64_TO_32_BIT_CONVERSION = YES;
				GCC_WARN_ABOUT_RETURN_TYPE = YES_ERROR;
				GCC_WARN_UNDECLARED_SELECTOR = YES;
				GCC_WARN_UNINITIALIZED_AUTOS = YES_AGGRESSIVE;
				GCC_WARN_UNUSED_FUNCTION = YES;
				GCC_WARN_UNUSED_VARIABLE = YES;
				MACOSX_DEPLOYMENT_TARGET = 10.10;
				MTL_ENABLE_DEBUG_INFO = YES;
				ONLY_ACTIVE_ARCH = YES;
				SDKROOT = macosx;
				SWIFT_ACTIVE_COMPILATION_CONDITIONS = DEBUG;
				SWIFT_OPTIMIZATION_LEVEL = "-Onone";
			};
			name = Debug;
		};
		88D361AD2251408700426432 /* Release */ = {
			isa = XCBuildConfiguration;
			buildSettings = {
				ALWAYS_SEARCH_USER_PATHS = NO;
				CLANG_ANALYZER_NONNULL = YES;
				CLANG_ANALYZER_NUMBER_OBJECT_CONVERSION = YES_AGGRESSIVE;
				CLANG_CXX_LANGUAGE_STANDARD = "gnu++14";
				CLANG_CXX_LIBRARY = "libc++";
				CLANG_ENABLE_MODULES = YES;
				CLANG_ENABLE_OBJC_ARC = YES;
				CLANG_WARN_BLOCK_CAPTURE_AUTORELEASING = YES;
				CLANG_WARN_BOOL_CONVERSION = YES;
				CLANG_WARN_COMMA = YES;
				CLANG_WARN_CONSTANT_CONVERSION = YES;
				CLANG_WARN_DEPRECATED_OBJC_IMPLEMENTATIONS = YES;
				CLANG_WARN_DIRECT_OBJC_ISA_USAGE = YES_ERROR;
				CLANG_WARN_DOCUMENTATION_COMMENTS = YES;
				CLANG_WARN_EMPTY_BODY = YES;
				CLANG_WARN_ENUM_CONVERSION = YES;
				CLANG_WARN_INFINITE_RECURSION = YES;
				CLANG_WARN_INT_CONVERSION = YES;
				CLANG_WARN_NON_LITERAL_NULL_CONVERSION = YES;
				CLANG_WARN_OBJC_IMPLICIT_RETAIN_SELF = YES;
				CLANG_WARN_OBJC_LITERAL_CONVERSION = YES;
				CLANG_WARN_OBJC_ROOT_CLASS = YES_ERROR;
				CLANG_WARN_RANGE_LOOP_ANALYSIS = YES;
				CLANG_WARN_STRICT_PROTOTYPES = YES;
				CLANG_WARN_SUSPICIOUS_MOVE = YES;
				CLANG_WARN_UNGUARDED_AVAILABILITY = YES_AGGRESSIVE;
				CLANG_WARN_UNREACHABLE_CODE = YES;
				CLANG_WARN__DUPLICATE_METHOD_MATCH = YES;
				CODE_SIGN_IDENTITY = "Mac Developer";
				COPY_PHASE_STRIP = NO;
				DEBUG_INFORMATION_FORMAT = "dwarf-with-dsym";
				ENABLE_NS_ASSERTIONS = NO;
				ENABLE_STRICT_OBJC_MSGSEND = YES;
				GCC_C_LANGUAGE_STANDARD = gnu11;
				GCC_NO_COMMON_BLOCKS = YES;
				GCC_WARN_64_TO_32_BIT_CONVERSION = YES;
				GCC_WARN_ABOUT_RETURN_TYPE = YES_ERROR;
				GCC_WARN_UNDECLARED_SELECTOR = YES;
				GCC_WARN_UNINITIALIZED_AUTOS = YES_AGGRESSIVE;
				GCC_WARN_UNUSED_FUNCTION = YES;
				GCC_WARN_UNUSED_VARIABLE = YES;
				MACOSX_DEPLOYMENT_TARGET = 10.10;
				MTL_ENABLE_DEBUG_INFO = NO;
				SDKROOT = macosx;
				SWIFT_OPTIMIZATION_LEVEL = "-Owholemodule";
			};
			name = Release;
		};
		88D361AF2251408700426432 /* Debug */ = {
			isa = XCBuildConfiguration;
			buildSettings = {
				ASSETCATALOG_COMPILER_APPICON_NAME = AppIcon;
				CODE_SIGN_ENTITLEMENTS = magicScrollWheel/magicScrollWheel.entitlements;
				CODE_SIGN_STYLE = Automatic;
				COMBINE_HIDPI_IMAGES = YES;
				DEVELOPMENT_TEAM = 63Z7MK537K;
				INFOPLIST_FILE = magicScrollWheel/Info.plist;
				LD_RUNPATH_SEARCH_PATHS = "$(inherited) @executable_path/../Frameworks";
				MACOSX_DEPLOYMENT_TARGET = 10.10;
				PRODUCT_BUNDLE_IDENTIFIER = onmotion.magicScrollWheel;
				PRODUCT_NAME = "Magic Scroll Wheel";
				SWIFT_VERSION = 4.2;
			};
			name = Debug;
		};
		88D361B02251408700426432 /* Release */ = {
			isa = XCBuildConfiguration;
			buildSettings = {
				ASSETCATALOG_COMPILER_APPICON_NAME = AppIcon;
				CODE_SIGN_ENTITLEMENTS = magicScrollWheel/magicScrollWheel.entitlements;
				CODE_SIGN_STYLE = Automatic;
				COMBINE_HIDPI_IMAGES = YES;
				DEVELOPMENT_TEAM = 63Z7MK537K;
				INFOPLIST_FILE = magicScrollWheel/Info.plist;
				LD_RUNPATH_SEARCH_PATHS = "$(inherited) @executable_path/../Frameworks";
				MACOSX_DEPLOYMENT_TARGET = 10.10;
				PRODUCT_BUNDLE_IDENTIFIER = onmotion.magicScrollWheel;
				PRODUCT_NAME = "Magic Scroll Wheel";
				SWIFT_VERSION = 4.2;
			};
			name = Release;
		};
/* End XCBuildConfiguration section */

/* Begin XCConfigurationList section */
		88D361992251408700426432 /* Build configuration list for PBXProject "magicScrollWheel" */ = {
			isa = XCConfigurationList;
			buildConfigurations = (
				88D361AC2251408700426432 /* Debug */,
				88D361AD2251408700426432 /* Release */,
			);
			defaultConfigurationIsVisible = 0;
			defaultConfigurationName = Release;
		};
		88D361AE2251408700426432 /* Build configuration list for PBXNativeTarget "magicScrollWheel" */ = {
			isa = XCConfigurationList;
			buildConfigurations = (
				88D361AF2251408700426432 /* Debug */,
				88D361B02251408700426432 /* Release */,
			);
			defaultConfigurationIsVisible = 0;
			defaultConfigurationName = Release;
		};
/* End XCConfigurationList section */
	};
	rootObject = 88D361962251408700426432 /* Project object */;
}
